// !$*UTF8*$!
{
	archiveVersion = 1;
	classes = {
	};
	objectVersion = 46;
	objects = {

/* Begin PBXBuildFile section */
		1A1DFD8E16DC921300658409 /* SenTestingKit.framework in Frameworks */ = {isa = PBXBuildFile; fileRef = 1A1DFD7716DC91E800658409 /* SenTestingKit.framework */; };
		1A1DFD8F16DC921300658409 /* UIKit.framework in Frameworks */ = {isa = PBXBuildFile; fileRef = 1A1DFD5416DC918300658409 /* UIKit.framework */; };
		1A1DFD9016DC921300658409 /* Foundation.framework in Frameworks */ = {isa = PBXBuildFile; fileRef = 1A1DFD5616DC918300658409 /* Foundation.framework */; };
		1A1DFD9616DC921300658409 /* InfoPlist.strings in Resources */ = {isa = PBXBuildFile; fileRef = 1A1DFD9416DC921300658409 /* InfoPlist.strings */; };
		1A1DFD9916DC921300658409 /* InDependenceTests.m in Sources */ = {isa = PBXBuildFile; fileRef = 1A1DFD9816DC921300658409 /* InDependenceTests.m */; };
		1A1DFDA316DC972C00658409 /* RSInjector.m in Sources */ = {isa = PBXBuildFile; fileRef = 1A1DFDA216DC972C00658409 /* RSInjector.m */; };
		1A1DFDA616DDF84300658409 /* RSInjectorRegistrationEntry.m in Sources */ = {isa = PBXBuildFile; fileRef = 1A1DFDA516DDF84300658409 /* RSInjectorRegistrationEntry.m */; };
		1A1DFDAA16DDFE8D00658409 /* Car.m in Sources */ = {isa = PBXBuildFile; fileRef = 1A1DFDA916DDFE8D00658409 /* Car.m */; };
		1A1DFDAD16DDFE9D00658409 /* Engine.m in Sources */ = {isa = PBXBuildFile; fileRef = 1A1DFDAC16DDFE9D00658409 /* Engine.m */; };
		1A1DFDB016DDFEBA00658409 /* CarModels.m in Sources */ = {isa = PBXBuildFile; fileRef = 1A1DFDAF16DDFEBA00658409 /* CarModels.m */; };
		1A1DFDB316DE19CB00658409 /* RSInjectorUtils.m in Sources */ = {isa = PBXBuildFile; fileRef = 1A1DFDB216DE19CA00658409 /* RSInjectorUtils.m */; };
		1A1DFDB616DE1AAB00658409 /* RSInjectorUtilsTests.m in Sources */ = {isa = PBXBuildFile; fileRef = 1A1DFDB516DE1AAB00658409 /* RSInjectorUtilsTests.m */; };
		1A1DFDBA16DE6B9200658409 /* RSInjectorSession.m in Sources */ = {isa = PBXBuildFile; fileRef = 1A1DFDB916DE6B9200658409 /* RSInjectorSession.m */; };
		1A1DFDBD16DE78E900658409 /* RSInjectorExtension.m in Sources */ = {isa = PBXBuildFile; fileRef = 1A1DFDBC16DE78E900658409 /* RSInjectorExtension.m */; };
		1A1DFDC016DE7C9200658409 /* RSInjectorSingletonExtension.m in Sources */ = {isa = PBXBuildFile; fileRef = 1A1DFDBF16DE7C9200658409 /* RSInjectorSingletonExtension.m */; };
		1A1DFDC316DE864900658409 /* Road.m in Sources */ = {isa = PBXBuildFile; fileRef = 1A1DFDC216DE864900658409 /* Road.m */; };
		1A1DFDC616DE86D500658409 /* Garage.m in Sources */ = {isa = PBXBuildFile; fileRef = 1A1DFDC516DE86D500658409 /* Garage.m */; };
/* End PBXBuildFile section */

/* Begin PBXFileReference section */
		1A1DFD5416DC918300658409 /* UIKit.framework */ = {isa = PBXFileReference; lastKnownFileType = wrapper.framework; name = UIKit.framework; path = System/Library/Frameworks/UIKit.framework; sourceTree = SDKROOT; };
		1A1DFD5616DC918300658409 /* Foundation.framework */ = {isa = PBXFileReference; lastKnownFileType = wrapper.framework; name = Foundation.framework; path = System/Library/Frameworks/Foundation.framework; sourceTree = SDKROOT; };
		1A1DFD5816DC918300658409 /* CoreGraphics.framework */ = {isa = PBXFileReference; lastKnownFileType = wrapper.framework; name = CoreGraphics.framework; path = System/Library/Frameworks/CoreGraphics.framework; sourceTree = SDKROOT; };
		1A1DFD7716DC91E800658409 /* SenTestingKit.framework */ = {isa = PBXFileReference; lastKnownFileType = wrapper.framework; name = SenTestingKit.framework; path = Library/Frameworks/SenTestingKit.framework; sourceTree = DEVELOPER_DIR; };
		1A1DFD8D16DC921300658409 /* Tests.octest */ = {isa = PBXFileReference; explicitFileType = wrapper.cfbundle; includeInIndex = 0; path = Tests.octest; sourceTree = BUILT_PRODUCTS_DIR; };
		1A1DFD9316DC921300658409 /* Tests-Info.plist */ = {isa = PBXFileReference; lastKnownFileType = text.plist.xml; path = "Tests-Info.plist"; sourceTree = "<group>"; };
		1A1DFD9516DC921300658409 /* en */ = {isa = PBXFileReference; lastKnownFileType = text.plist.strings; name = en; path = en.lproj/InfoPlist.strings; sourceTree = "<group>"; };
		1A1DFD9716DC921300658409 /* InDependenceTests.h */ = {isa = PBXFileReference; lastKnownFileType = sourcecode.c.h; path = InDependenceTests.h; sourceTree = "<group>"; };
		1A1DFD9816DC921300658409 /* InDependenceTests.m */ = {isa = PBXFileReference; lastKnownFileType = sourcecode.c.objc; path = InDependenceTests.m; sourceTree = "<group>"; };
		1A1DFD9A16DC921300658409 /* Tests-Prefix.pch */ = {isa = PBXFileReference; lastKnownFileType = sourcecode.c.h; path = "Tests-Prefix.pch"; sourceTree = "<group>"; };
		1A1DFDA016DC963300658409 /* InDependence.h */ = {isa = PBXFileReference; lastKnownFileType = sourcecode.c.h; path = InDependence.h; sourceTree = "<group>"; };
		1A1DFDA116DC972C00658409 /* RSInjector.h */ = {isa = PBXFileReference; fileEncoding = 4; lastKnownFileType = sourcecode.c.h; name = RSInjector.h; path = Core/RSInjector.h; sourceTree = "<group>"; };
		1A1DFDA216DC972C00658409 /* RSInjector.m */ = {isa = PBXFileReference; fileEncoding = 4; lastKnownFileType = sourcecode.c.objc; name = RSInjector.m; path = Core/RSInjector.m; sourceTree = "<group>"; };
		1A1DFDA416DDF84300658409 /* RSInjectorRegistrationEntry.h */ = {isa = PBXFileReference; fileEncoding = 4; lastKnownFileType = sourcecode.c.h; name = RSInjectorRegistrationEntry.h; path = Core/RSInjectorRegistrationEntry.h; sourceTree = "<group>"; };
		1A1DFDA516DDF84300658409 /* RSInjectorRegistrationEntry.m */ = {isa = PBXFileReference; fileEncoding = 4; lastKnownFileType = sourcecode.c.objc; name = RSInjectorRegistrationEntry.m; path = Core/RSInjectorRegistrationEntry.m; sourceTree = "<group>"; };
		1A1DFDA816DDFE8D00658409 /* Car.h */ = {isa = PBXFileReference; fileEncoding = 4; lastKnownFileType = sourcecode.c.h; name = Car.h; path = "Helper Classes/Car.h"; sourceTree = "<group>"; };
		1A1DFDA916DDFE8D00658409 /* Car.m */ = {isa = PBXFileReference; fileEncoding = 4; lastKnownFileType = sourcecode.c.objc; name = Car.m; path = "Helper Classes/Car.m"; sourceTree = "<group>"; };
		1A1DFDAB16DDFE9D00658409 /* Engine.h */ = {isa = PBXFileReference; fileEncoding = 4; lastKnownFileType = sourcecode.c.h; name = Engine.h; path = "Helper Classes/Engine.h"; sourceTree = "<group>"; };
		1A1DFDAC16DDFE9D00658409 /* Engine.m */ = {isa = PBXFileReference; fileEncoding = 4; lastKnownFileType = sourcecode.c.objc; name = Engine.m; path = "Helper Classes/Engine.m"; sourceTree = "<group>"; };
		1A1DFDAE16DDFEBA00658409 /* CarModels.h */ = {isa = PBXFileReference; fileEncoding = 4; lastKnownFileType = sourcecode.c.h; name = CarModels.h; path = "Helper Classes/CarModels.h"; sourceTree = "<group>"; };
		1A1DFDAF16DDFEBA00658409 /* CarModels.m */ = {isa = PBXFileReference; fileEncoding = 4; lastKnownFileType = sourcecode.c.objc; name = CarModels.m; path = "Helper Classes/CarModels.m"; sourceTree = "<group>"; };
		1A1DFDB116DE19CA00658409 /* RSInjectorUtils.h */ = {isa = PBXFileReference; fileEncoding = 4; lastKnownFileType = sourcecode.c.h; name = RSInjectorUtils.h; path = Core/RSInjectorUtils.h; sourceTree = "<group>"; };
		1A1DFDB216DE19CA00658409 /* RSInjectorUtils.m */ = {isa = PBXFileReference; fileEncoding = 4; lastKnownFileType = sourcecode.c.objc; name = RSInjectorUtils.m; path = Core/RSInjectorUtils.m; sourceTree = "<group>"; };
		1A1DFDB416DE1AAB00658409 /* RSInjectorUtilsTests.h */ = {isa = PBXFileReference; fileEncoding = 4; lastKnownFileType = sourcecode.c.h; path = RSInjectorUtilsTests.h; sourceTree = "<group>"; };
		1A1DFDB516DE1AAB00658409 /* RSInjectorUtilsTests.m */ = {isa = PBXFileReference; fileEncoding = 4; lastKnownFileType = sourcecode.c.objc; path = RSInjectorUtilsTests.m; sourceTree = "<group>"; };
		1A1DFDB816DE6B9100658409 /* RSInjectorSession.h */ = {isa = PBXFileReference; fileEncoding = 4; lastKnownFileType = sourcecode.c.h; name = RSInjectorSession.h; path = Core/RSInjectorSession.h; sourceTree = "<group>"; };
		1A1DFDB916DE6B9200658409 /* RSInjectorSession.m */ = {isa = PBXFileReference; fileEncoding = 4; lastKnownFileType = sourcecode.c.objc; name = RSInjectorSession.m; path = Core/RSInjectorSession.m; sourceTree = "<group>"; };
		1A1DFDBB16DE78E900658409 /* RSInjectorExtension.h */ = {isa = PBXFileReference; fileEncoding = 4; lastKnownFileType = sourcecode.c.h; name = RSInjectorExtension.h; path = Extensions/RSInjectorExtension.h; sourceTree = "<group>"; };
		1A1DFDBC16DE78E900658409 /* RSInjectorExtension.m */ = {isa = PBXFileReference; fileEncoding = 4; lastKnownFileType = sourcecode.c.objc; name = RSInjectorExtension.m; path = Extensions/RSInjectorExtension.m; sourceTree = "<group>"; };
		1A1DFDBE16DE7C9200658409 /* RSInjectorSingletonExtension.h */ = {isa = PBXFileReference; fileEncoding = 4; lastKnownFileType = sourcecode.c.h; name = RSInjectorSingletonExtension.h; path = Extensions/RSInjectorSingletonExtension.h; sourceTree = "<group>"; };
		1A1DFDBF16DE7C9200658409 /* RSInjectorSingletonExtension.m */ = {isa = PBXFileReference; fileEncoding = 4; lastKnownFileType = sourcecode.c.objc; name = RSInjectorSingletonExtension.m; path = Extensions/RSInjectorSingletonExtension.m; sourceTree = "<group>"; };
		1A1DFDC116DE864800658409 /* Road.h */ = {isa = PBXFileReference; fileEncoding = 4; lastKnownFileType = sourcecode.c.h; name = Road.h; path = "Helper Classes/Road.h"; sourceTree = "<group>"; };
		1A1DFDC216DE864900658409 /* Road.m */ = {isa = PBXFileReference; fileEncoding = 4; lastKnownFileType = sourcecode.c.objc; name = Road.m; path = "Helper Classes/Road.m"; sourceTree = "<group>"; };
		1A1DFDC416DE86D500658409 /* Garage.h */ = {isa = PBXFileReference; fileEncoding = 4; lastKnownFileType = sourcecode.c.h; name = Garage.h; path = "Helper Classes/Garage.h"; sourceTree = "<group>"; };
		1A1DFDC516DE86D500658409 /* Garage.m */ = {isa = PBXFileReference; fileEncoding = 4; lastKnownFileType = sourcecode.c.objc; name = Garage.m; path = "Helper Classes/Garage.m"; sourceTree = "<group>"; };
/* End PBXFileReference section */

/* Begin PBXFrameworksBuildPhase section */
		1A1DFD8916DC921300658409 /* Frameworks */ = {
			isa = PBXFrameworksBuildPhase;
			buildActionMask = 2147483647;
			files = (
				1A1DFD8E16DC921300658409 /* SenTestingKit.framework in Frameworks */,
				1A1DFD8F16DC921300658409 /* UIKit.framework in Frameworks */,
				1A1DFD9016DC921300658409 /* Foundation.framework in Frameworks */,
			);
			runOnlyForDeploymentPostprocessing = 0;
		};
/* End PBXFrameworksBuildPhase section */

/* Begin PBXGroup section */
		1A1DFD4816DC918300658409 = {
			isa = PBXGroup;
			children = (
				1A1DFD5A16DC918300658409 /* InDependence */,
				1A1DFD9116DC921300658409 /* Tests */,
				1A1DFD5316DC918300658409 /* Frameworks */,
				1A1DFD5216DC918300658409 /* Products */,
			);
			sourceTree = "<group>";
		};
		1A1DFD5216DC918300658409 /* Products */ = {
			isa = PBXGroup;
			children = (
				1A1DFD8D16DC921300658409 /* Tests.octest */,
			);
			name = Products;
			sourceTree = "<group>";
		};
		1A1DFD5316DC918300658409 /* Frameworks */ = {
			isa = PBXGroup;
			children = (
				1A1DFD5416DC918300658409 /* UIKit.framework */,
				1A1DFD5616DC918300658409 /* Foundation.framework */,
				1A1DFD5816DC918300658409 /* CoreGraphics.framework */,
				1A1DFD7716DC91E800658409 /* SenTestingKit.framework */,
			);
			name = Frameworks;
			sourceTree = "<group>";
		};
		1A1DFD5A16DC918300658409 /* InDependence */ = {
			isa = PBXGroup;
			children = (
				1A1DFDA016DC963300658409 /* InDependence.h */,
				1A1DFD9E16DC947B00658409 /* Core */,
				1A1DFD9F16DC948400658409 /* Extensions */,
			);
			path = InDependence;
			sourceTree = "<group>";
		};
		1A1DFD9116DC921300658409 /* Tests */ = {
			isa = PBXGroup;
			children = (
				1A1DFDA716DDFCB100658409 /* Helper Classes */,
				1A1DFD9716DC921300658409 /* InDependenceTests.h */,
				1A1DFD9816DC921300658409 /* InDependenceTests.m */,
				1A1DFDB416DE1AAB00658409 /* RSInjectorUtilsTests.h */,
				1A1DFDB516DE1AAB00658409 /* RSInjectorUtilsTests.m */,
				1A1DFD9216DC921300658409 /* Supporting Files */,
			);
			path = Tests;
			sourceTree = "<group>";
		};
		1A1DFD9216DC921300658409 /* Supporting Files */ = {
			isa = PBXGroup;
			children = (
				1A1DFD9316DC921300658409 /* Tests-Info.plist */,
				1A1DFD9416DC921300658409 /* InfoPlist.strings */,
				1A1DFD9A16DC921300658409 /* Tests-Prefix.pch */,
			);
			name = "Supporting Files";
			sourceTree = "<group>";
		};
		1A1DFD9E16DC947B00658409 /* Core */ = {
			isa = PBXGroup;
			children = (
				1A1DFDA116DC972C00658409 /* RSInjector.h */,
				1A1DFDA216DC972C00658409 /* RSInjector.m */,
				1A1DFDB816DE6B9100658409 /* RSInjectorSession.h */,
				1A1DFDB916DE6B9200658409 /* RSInjectorSession.m */,
				1A1DFDB116DE19CA00658409 /* RSInjectorUtils.h */,
				1A1DFDB216DE19CA00658409 /* RSInjectorUtils.m */,
				1A1DFDA416DDF84300658409 /* RSInjectorRegistrationEntry.h */,
				1A1DFDA516DDF84300658409 /* RSInjectorRegistrationEntry.m */,
			);
			name = Core;
			sourceTree = "<group>";
		};
		1A1DFD9F16DC948400658409 /* Extensions */ = {
			isa = PBXGroup;
			children = (
				1A1DFDBB16DE78E900658409 /* RSInjectorExtension.h */,
				1A1DFDBC16DE78E900658409 /* RSInjectorExtension.m */,
				1A1DFDBE16DE7C9200658409 /* RSInjectorSingletonExtension.h */,
				1A1DFDBF16DE7C9200658409 /* RSInjectorSingletonExtension.m */,
			);
			name = Extensions;
			sourceTree = "<group>";
		};
		1A1DFDA716DDFCB100658409 /* Helper Classes */ = {
			isa = PBXGroup;
			children = (
				1A1DFDA816DDFE8D00658409 /* Car.h */,
				1A1DFDA916DDFE8D00658409 /* Car.m */,
				1A1DFDC416DE86D500658409 /* Garage.h */,
				1A1DFDC516DE86D500658409 /* Garage.m */,
				1A1DFDAB16DDFE9D00658409 /* Engine.h */,
				1A1DFDAC16DDFE9D00658409 /* Engine.m */,
				1A1DFDAE16DDFEBA00658409 /* CarModels.h */,
				1A1DFDAF16DDFEBA00658409 /* CarModels.m */,
				1A1DFDC116DE864800658409 /* Road.h */,
				1A1DFDC216DE864900658409 /* Road.m */,
			);
			name = "Helper Classes";
			sourceTree = "<group>";
		};
/* End PBXGroup section */

/* Begin PBXNativeTarget section */
		1A1DFD8C16DC921300658409 /* Tests */ = {
			isa = PBXNativeTarget;
			buildConfigurationList = 1A1DFD9B16DC921300658409 /* Build configuration list for PBXNativeTarget "Tests" */;
			buildPhases = (
				1A1DFD8816DC921300658409 /* Sources */,
				1A1DFD8916DC921300658409 /* Frameworks */,
				1A1DFD8A16DC921300658409 /* Resources */,
				1A1DFD8B16DC921300658409 /* ShellScript */,
			);
			buildRules = (
			);
			dependencies = (
			);
			name = Tests;
			productName = Tests;
			productReference = 1A1DFD8D16DC921300658409 /* Tests.octest */;
			productType = "com.apple.product-type.bundle";
		};
/* End PBXNativeTarget section */

/* Begin PBXProject section */
		1A1DFD4916DC918300658409 /* Project object */ = {
			isa = PBXProject;
			attributes = {
				CLASSPREFIX = RS;
				LastUpgradeCheck = 0460;
				ORGANIZATIONNAME = "Yan Rabovik";
			};
			buildConfigurationList = 1A1DFD4C16DC918300658409 /* Build configuration list for PBXProject "InDependence" */;
			compatibilityVersion = "Xcode 3.2";
			developmentRegion = English;
			hasScannedForEncodings = 0;
			knownRegions = (
				en,
			);
			mainGroup = 1A1DFD4816DC918300658409;
			productRefGroup = 1A1DFD5216DC918300658409 /* Products */;
			projectDirPath = "";
			projectRoot = "";
			targets = (
				1A1DFD8C16DC921300658409 /* Tests */,
			);
		};
/* End PBXProject section */

/* Begin PBXResourcesBuildPhase section */
		1A1DFD8A16DC921300658409 /* Resources */ = {
			isa = PBXResourcesBuildPhase;
			buildActionMask = 2147483647;
			files = (
				1A1DFD9616DC921300658409 /* InfoPlist.strings in Resources */,
			);
			runOnlyForDeploymentPostprocessing = 0;
		};
/* End PBXResourcesBuildPhase section */

/* Begin PBXShellScriptBuildPhase section */
		1A1DFD8B16DC921300658409 /* ShellScript */ = {
			isa = PBXShellScriptBuildPhase;
			buildActionMask = 2147483647;
			files = (
			);
			inputPaths = (
			);
			outputPaths = (
			);
			runOnlyForDeploymentPostprocessing = 0;
			shellPath = /bin/sh;
			shellScript = "# Run the unit tests in this test bundle.\n\"${SYSTEM_DEVELOPER_DIR}/Tools/RunUnitTests\"\n";
		};
/* End PBXShellScriptBuildPhase section */

/* Begin PBXSourcesBuildPhase section */
		1A1DFD8816DC921300658409 /* Sources */ = {
			isa = PBXSourcesBuildPhase;
			buildActionMask = 2147483647;
			files = (
				1A1DFD9916DC921300658409 /* InDependenceTests.m in Sources */,
				1A1DFDA316DC972C00658409 /* RSInjector.m in Sources */,
				1A1DFDA616DDF84300658409 /* RSInjectorRegistrationEntry.m in Sources */,
				1A1DFDAA16DDFE8D00658409 /* Car.m in Sources */,
				1A1DFDAD16DDFE9D00658409 /* Engine.m in Sources */,
				1A1DFDB016DDFEBA00658409 /* CarModels.m in Sources */,
				1A1DFDB316DE19CB00658409 /* RSInjectorUtils.m in Sources */,
				1A1DFDB616DE1AAB00658409 /* RSInjectorUtilsTests.m in Sources */,
				1A1DFDBA16DE6B9200658409 /* RSInjectorSession.m in Sources */,
				1A1DFDBD16DE78E900658409 /* RSInjectorExtension.m in Sources */,
				1A1DFDC016DE7C9200658409 /* RSInjectorSingletonExtension.m in Sources */,
				1A1DFDC316DE864900658409 /* Road.m in Sources */,
				1A1DFDC616DE86D500658409 /* Garage.m in Sources */,
			);
			runOnlyForDeploymentPostprocessing = 0;
		};
/* End PBXSourcesBuildPhase section */

/* Begin PBXVariantGroup section */
		1A1DFD9416DC921300658409 /* InfoPlist.strings */ = {
			isa = PBXVariantGroup;
			children = (
				1A1DFD9516DC921300658409 /* en */,
			);
			name = InfoPlist.strings;
			sourceTree = "<group>";
		};
/* End PBXVariantGroup section */

/* Begin XCBuildConfiguration section */
		1A1DFD6C16DC918300658409 /* Debug */ = {
			isa = XCBuildConfiguration;
			buildSettings = {
				ALWAYS_SEARCH_USER_PATHS = NO;
				CLANG_CXX_LANGUAGE_STANDARD = "gnu++0x";
				CLANG_CXX_LIBRARY = "libc++";
				CLANG_ENABLE_OBJC_ARC = YES;
				CLANG_WARN_CONSTANT_CONVERSION = YES;
				CLANG_WARN_EMPTY_BODY = YES;
				CLANG_WARN_ENUM_CONVERSION = YES;
				CLANG_WARN_INT_CONVERSION = YES;
				CLANG_WARN__DUPLICATE_METHOD_MATCH = YES;
				"CODE_SIGN_IDENTITY[sdk=iphoneos*]" = "iPhone Developer";
				COPY_PHASE_STRIP = NO;
				GCC_C_LANGUAGE_STANDARD = gnu99;
				GCC_DYNAMIC_NO_PIC = NO;
				GCC_OPTIMIZATION_LEVEL = 0;
				GCC_PREPROCESSOR_DEFINITIONS = (
					"DEBUG=1",
					"$(inherited)",
				);
				GCC_SYMBOLS_PRIVATE_EXTERN = NO;
				GCC_WARN_ABOUT_RETURN_TYPE = YES;
				GCC_WARN_UNINITIALIZED_AUTOS = YES;
				GCC_WARN_UNUSED_VARIABLE = YES;
				IPHONEOS_DEPLOYMENT_TARGET = 6.1;
				ONLY_ACTIVE_ARCH = YES;
				SDKROOT = iphoneos;
				TARGETED_DEVICE_FAMILY = "1,2";
			};
			name = Debug;
		};
		1A1DFD6D16DC918300658409 /* Release */ = {
			isa = XCBuildConfiguration;
			buildSettings = {
				ALWAYS_SEARCH_USER_PATHS = NO;
				CLANG_CXX_LANGUAGE_STANDARD = "gnu++0x";
				CLANG_CXX_LIBRARY = "libc++";
				CLANG_ENABLE_OBJC_ARC = YES;
				CLANG_WARN_CONSTANT_CONVERSION = YES;
				CLANG_WARN_EMPTY_BODY = YES;
				CLANG_WARN_ENUM_CONVERSION = YES;
				CLANG_WARN_INT_CONVERSION = YES;
				CLANG_WARN__DUPLICATE_METHOD_MATCH = YES;
				"CODE_SIGN_IDENTITY[sdk=iphoneos*]" = "iPhone Developer";
				COPY_PHASE_STRIP = YES;
				GCC_C_LANGUAGE_STANDARD = gnu99;
				GCC_WARN_ABOUT_RETURN_TYPE = YES;
				GCC_WARN_UNINITIALIZED_AUTOS = YES;
				GCC_WARN_UNUSED_VARIABLE = YES;
				IPHONEOS_DEPLOYMENT_TARGET = 6.1;
				OTHER_CFLAGS = "-DNS_BLOCK_ASSERTIONS=1";
				SDKROOT = iphoneos;
				TARGETED_DEVICE_FAMILY = "1,2";
				VALIDATE_PRODUCT = YES;
			};
			name = Release;
		};
		1A1DFD9C16DC921300658409 /* Debug */ = {
			isa = XCBuildConfiguration;
			buildSettings = {
				FRAMEWORK_SEARCH_PATHS = (
					"\"$(SDKROOT)/Developer/Library/Frameworks\"",
					"\"$(DEVELOPER_LIBRARY_DIR)/Frameworks\"",
				);
				GCC_PRECOMPILE_PREFIX_HEADER = YES;
				GCC_PREFIX_HEADER = "Tests/Tests-Prefix.pch";
				INFOPLIST_FILE = "Tests/Tests-Info.plist";
				PRODUCT_NAME = "$(TARGET_NAME)";
				WRAPPER_EXTENSION = octest;
			};
			name = Debug;
		};
		1A1DFD9D16DC921300658409 /* Release */ = {
			isa = XCBuildConfiguration;
			buildSettings = {
				FRAMEWORK_SEARCH_PATHS = (
					"\"$(SDKROOT)/Developer/Library/Frameworks\"",
					"\"$(DEVELOPER_LIBRARY_DIR)/Frameworks\"",
				);
				GCC_PRECOMPILE_PREFIX_HEADER = YES;
				GCC_PREFIX_HEADER = "Tests/Tests-Prefix.pch";
				INFOPLIST_FILE = "Tests/Tests-Info.plist";
				PRODUCT_NAME = "$(TARGET_NAME)";
				WRAPPER_EXTENSION = octest;
			};
			name = Release;
		};
/* End XCBuildConfiguration section */

/* Begin XCConfigurationList section */
		1A1DFD4C16DC918300658409 /* Build configuration list for PBXProject "InDependence" */ = {
			isa = XCConfigurationList;
			buildConfigurations = (
				1A1DFD6C16DC918300658409 /* Debug */,
				1A1DFD6D16DC918300658409 /* Release */,
			);
			defaultConfigurationIsVisible = 0;
			defaultConfigurationName = Release;
		};
		1A1DFD9B16DC921300658409 /* Build configuration list for PBXNativeTarget "Tests" */ = {
			isa = XCConfigurationList;
			buildConfigurations = (
				1A1DFD9C16DC921300658409 /* Debug */,
				1A1DFD9D16DC921300658409 /* Release */,
			);
			defaultConfigurationIsVisible = 0;
			defaultConfigurationName = Release;
		};
/* End XCConfigurationList section */
	};
	rootObject = 1A1DFD4916DC918300658409 /* Project object */;
}
