// !$*UTF8*$!
{
	archiveVersion = 1;
	classes = {
	};
	objectVersion = 46;
	objects = {

/* Begin PBXBuildFile section */
		1A1DFD8E16DC921300658409 /* SenTestingKit.framework in Frameworks */ = {isa = PBXBuildFile; fileRef = 1A1DFD7716DC91E800658409 /* SenTestingKit.framework */; };
		1A1DFD8F16DC921300658409 /* UIKit.framework in Frameworks */ = {isa = PBXBuildFile; fileRef = 1A1DFD5416DC918300658409 /* UIKit.framework */; };
		1A1DFD9016DC921300658409 /* Foundation.framework in Frameworks */ = {isa = PBXBuildFile; fileRef = 1A1DFD5616DC918300658409 /* Foundation.framework */; };
		1A1DFD9616DC921300658409 /* InfoPlist.strings in Resources */ = {isa = PBXBuildFile; fileRef = 1A1DFD9416DC921300658409 /* InfoPlist.strings */; };
		1A1DFD9916DC921300658409 /* INDTests.m in Sources */ = {isa = PBXBuildFile; fileRef = 1A1DFD9816DC921300658409 /* INDTests.m */; };
		1A1DFDA316DC972C00658409 /* INDInjector.m in Sources */ = {isa = PBXBuildFile; fileRef = 1A1DFDA216DC972C00658409 /* INDInjector.m */; };
		1A1DFDAA16DDFE8D00658409 /* Car.m in Sources */ = {isa = PBXBuildFile; fileRef = 1A1DFDA916DDFE8D00658409 /* Car.m */; };
		1A1DFDAD16DDFE9D00658409 /* Engine.m in Sources */ = {isa = PBXBuildFile; fileRef = 1A1DFDAC16DDFE9D00658409 /* Engine.m */; };
		1A1DFDB016DDFEBA00658409 /* CarModels.m in Sources */ = {isa = PBXBuildFile; fileRef = 1A1DFDAF16DDFEBA00658409 /* CarModels.m */; };
		1A1DFDB316DE19CB00658409 /* INDUtils.m in Sources */ = {isa = PBXBuildFile; fileRef = 1A1DFDB216DE19CA00658409 /* INDUtils.m */; };
		1A1DFDB616DE1AAB00658409 /* INDUtilsTests.m in Sources */ = {isa = PBXBuildFile; fileRef = 1A1DFDB516DE1AAB00658409 /* INDUtilsTests.m */; };
		1A1DFDBA16DE6B9200658409 /* INDSession.m in Sources */ = {isa = PBXBuildFile; fileRef = 1A1DFDB916DE6B9200658409 /* INDSession.m */; };
		1A1DFDBD16DE78E900658409 /* INDExtension.m in Sources */ = {isa = PBXBuildFile; fileRef = 1A1DFDBC16DE78E900658409 /* INDExtension.m */; };
		1A1DFDC016DE7C9200658409 /* INDSingletonExtension.m in Sources */ = {isa = PBXBuildFile; fileRef = 1A1DFDBF16DE7C9200658409 /* INDSingletonExtension.m */; };
		1A1DFDC316DE864900658409 /* Road.m in Sources */ = {isa = PBXBuildFile; fileRef = 1A1DFDC216DE864900658409 /* Road.m */; };
		1A1DFDC616DE86D500658409 /* Garage.m in Sources */ = {isa = PBXBuildFile; fileRef = 1A1DFDC516DE86D500658409 /* Garage.m */; };
		1A1DFDC916DF46F500658409 /* INDCustomInitializerExtension.m in Sources */ = {isa = PBXBuildFile; fileRef = 1A1DFDC816DF46F500658409 /* INDCustomInitializerExtension.m */; };
		1A1DFDCC16DFE6E500658409 /* INDReferencesExtension.m in Sources */ = {isa = PBXBuildFile; fileRef = 1A1DFDCB16DFE6E400658409 /* INDReferencesExtension.m */; };
		1A3C348416F887FC008EE0AD /* INDModule.m in Sources */ = {isa = PBXBuildFile; fileRef = 1A3C348116F887FC008EE0AD /* INDModule.m */; };
		1A3C348516F887FC008EE0AD /* INDModuleWithBlock.m in Sources */ = {isa = PBXBuildFile; fileRef = 1A3C348316F887FC008EE0AD /* INDModuleWithBlock.m */; };
		1A45E9251794061900B951C5 /* INDAssociatedObjectsExtension.m in Sources */ = {isa = PBXBuildFile; fileRef = 1A45E9241794061900B951C5 /* INDAssociatedObjectsExtension.m */; };
		1A45E929179406F000B951C5 /* INDAssociatedObjectsTests.m in Sources */ = {isa = PBXBuildFile; fileRef = 1A45E928179406F000B951C5 /* INDAssociatedObjectsTests.m */; };
		1A45E99D1794ACFF00B951C5 /* NSObject+InDependence.m in Sources */ = {isa = PBXBuildFile; fileRef = 1A45E99C1794ACFE00B951C5 /* NSObject+InDependence.m */; };
		1A6525CF170345A600C60DBE /* INDCustomClassInitializerTests.m in Sources */ = {isa = PBXBuildFile; fileRef = 1A6525CE170345A600C60DBE /* INDCustomClassInitializerTests.m */; };
		1AA6B19116FAFC430018DAA0 /* INDWeakCollection.m in Sources */ = {isa = PBXBuildFile; fileRef = 1AA6B19016FAFC430018DAA0 /* INDWeakCollection.m */; };
		1AA6B19716FAFD100018DAA0 /* INDWeakCollectionTests.m in Sources */ = {isa = PBXBuildFile; fileRef = 1AA6B19616FAFD100018DAA0 /* INDWeakCollectionTests.m */; };
		1AA6B19B16FB09DE0018DAA0 /* NSObject+INDObjectsTree.m in Sources */ = {isa = PBXBuildFile; fileRef = 1AA6B19A16FB09DE0018DAA0 /* NSObject+INDObjectsTree.m */; };
		1AA6B19E16FB12500018DAA0 /* INDObjectsTreeTests.m in Sources */ = {isa = PBXBuildFile; fileRef = 1AA6B19D16FB12500018DAA0 /* INDObjectsTreeTests.m */; };
/* End PBXBuildFile section */

/* Begin PBXFileReference section */
		1A1DFD5416DC918300658409 /* UIKit.framework */ = {isa = PBXFileReference; lastKnownFileType = wrapper.framework; name = UIKit.framework; path = System/Library/Frameworks/UIKit.framework; sourceTree = SDKROOT; };
		1A1DFD5616DC918300658409 /* Foundation.framework */ = {isa = PBXFileReference; lastKnownFileType = wrapper.framework; name = Foundation.framework; path = System/Library/Frameworks/Foundation.framework; sourceTree = SDKROOT; };
		1A1DFD5816DC918300658409 /* CoreGraphics.framework */ = {isa = PBXFileReference; lastKnownFileType = wrapper.framework; name = CoreGraphics.framework; path = System/Library/Frameworks/CoreGraphics.framework; sourceTree = SDKROOT; };
		1A1DFD7716DC91E800658409 /* SenTestingKit.framework */ = {isa = PBXFileReference; lastKnownFileType = wrapper.framework; name = SenTestingKit.framework; path = Library/Frameworks/SenTestingKit.framework; sourceTree = DEVELOPER_DIR; };
		1A1DFD8D16DC921300658409 /* Tests.octest */ = {isa = PBXFileReference; explicitFileType = wrapper.cfbundle; includeInIndex = 0; path = Tests.octest; sourceTree = BUILT_PRODUCTS_DIR; };
		1A1DFD9316DC921300658409 /* Tests-Info.plist */ = {isa = PBXFileReference; lastKnownFileType = text.plist.xml; path = "Tests-Info.plist"; sourceTree = "<group>"; };
		1A1DFD9516DC921300658409 /* en */ = {isa = PBXFileReference; lastKnownFileType = text.plist.strings; name = en; path = en.lproj/InfoPlist.strings; sourceTree = "<group>"; };
		1A1DFD9716DC921300658409 /* INDTests.h */ = {isa = PBXFileReference; lastKnownFileType = sourcecode.c.h; path = INDTests.h; sourceTree = "<group>"; };
		1A1DFD9816DC921300658409 /* INDTests.m */ = {isa = PBXFileReference; lastKnownFileType = sourcecode.c.objc; path = INDTests.m; sourceTree = "<group>"; };
		1A1DFD9A16DC921300658409 /* Tests-Prefix.pch */ = {isa = PBXFileReference; lastKnownFileType = sourcecode.c.h; path = "Tests-Prefix.pch"; sourceTree = "<group>"; };
		1A1DFDA016DC963300658409 /* InDependence.h */ = {isa = PBXFileReference; lastKnownFileType = sourcecode.c.h; path = InDependence.h; sourceTree = "<group>"; };
		1A1DFDA116DC972C00658409 /* INDInjector.h */ = {isa = PBXFileReference; fileEncoding = 4; lastKnownFileType = sourcecode.c.h; name = INDInjector.h; path = Core/INDInjector.h; sourceTree = "<group>"; };
		1A1DFDA216DC972C00658409 /* INDInjector.m */ = {isa = PBXFileReference; fileEncoding = 4; lastKnownFileType = sourcecode.c.objc; name = INDInjector.m; path = Core/INDInjector.m; sourceTree = "<group>"; };
		1A1DFDA816DDFE8D00658409 /* Car.h */ = {isa = PBXFileReference; fileEncoding = 4; lastKnownFileType = sourcecode.c.h; lineEnding = 0; name = Car.h; path = "Helper Classes/Car.h"; sourceTree = "<group>"; xcLanguageSpecificationIdentifier = xcode.lang.objcpp; };
		1A1DFDA916DDFE8D00658409 /* Car.m */ = {isa = PBXFileReference; fileEncoding = 4; lastKnownFileType = sourcecode.c.objc; lineEnding = 0; name = Car.m; path = "Helper Classes/Car.m"; sourceTree = "<group>"; xcLanguageSpecificationIdentifier = xcode.lang.objc; };
		1A1DFDAB16DDFE9D00658409 /* Engine.h */ = {isa = PBXFileReference; fileEncoding = 4; lastKnownFileType = sourcecode.c.h; name = Engine.h; path = "Helper Classes/Engine.h"; sourceTree = "<group>"; };
		1A1DFDAC16DDFE9D00658409 /* Engine.m */ = {isa = PBXFileReference; fileEncoding = 4; lastKnownFileType = sourcecode.c.objc; name = Engine.m; path = "Helper Classes/Engine.m"; sourceTree = "<group>"; };
		1A1DFDAE16DDFEBA00658409 /* CarModels.h */ = {isa = PBXFileReference; fileEncoding = 4; lastKnownFileType = sourcecode.c.h; lineEnding = 0; name = CarModels.h; path = "Helper Classes/CarModels.h"; sourceTree = "<group>"; xcLanguageSpecificationIdentifier = xcode.lang.objcpp; };
		1A1DFDAF16DDFEBA00658409 /* CarModels.m */ = {isa = PBXFileReference; fileEncoding = 4; lastKnownFileType = sourcecode.c.objc; lineEnding = 0; name = CarModels.m; path = "Helper Classes/CarModels.m"; sourceTree = "<group>"; xcLanguageSpecificationIdentifier = xcode.lang.objc; };
		1A1DFDB116DE19CA00658409 /* INDUtils.h */ = {isa = PBXFileReference; fileEncoding = 4; lastKnownFileType = sourcecode.c.h; name = INDUtils.h; path = Core/INDUtils.h; sourceTree = "<group>"; };
		1A1DFDB216DE19CA00658409 /* INDUtils.m */ = {isa = PBXFileReference; fileEncoding = 4; lastKnownFileType = sourcecode.c.objc; name = INDUtils.m; path = Core/INDUtils.m; sourceTree = "<group>"; };
		1A1DFDB416DE1AAB00658409 /* INDUtilsTests.h */ = {isa = PBXFileReference; fileEncoding = 4; lastKnownFileType = sourcecode.c.h; path = INDUtilsTests.h; sourceTree = "<group>"; };
		1A1DFDB516DE1AAB00658409 /* INDUtilsTests.m */ = {isa = PBXFileReference; fileEncoding = 4; lastKnownFileType = sourcecode.c.objc; path = INDUtilsTests.m; sourceTree = "<group>"; };
		1A1DFDB816DE6B9100658409 /* INDSession.h */ = {isa = PBXFileReference; fileEncoding = 4; lastKnownFileType = sourcecode.c.h; name = INDSession.h; path = Core/INDSession.h; sourceTree = "<group>"; };
		1A1DFDB916DE6B9200658409 /* INDSession.m */ = {isa = PBXFileReference; fileEncoding = 4; lastKnownFileType = sourcecode.c.objc; name = INDSession.m; path = Core/INDSession.m; sourceTree = "<group>"; };
		1A1DFDBB16DE78E900658409 /* INDExtension.h */ = {isa = PBXFileReference; fileEncoding = 4; lastKnownFileType = sourcecode.c.h; name = INDExtension.h; path = Extensions/INDExtension.h; sourceTree = "<group>"; };
		1A1DFDBC16DE78E900658409 /* INDExtension.m */ = {isa = PBXFileReference; fileEncoding = 4; lastKnownFileType = sourcecode.c.objc; name = INDExtension.m; path = Extensions/INDExtension.m; sourceTree = "<group>"; };
		1A1DFDBE16DE7C9200658409 /* INDSingletonExtension.h */ = {isa = PBXFileReference; fileEncoding = 4; lastKnownFileType = sourcecode.c.h; lineEnding = 0; name = INDSingletonExtension.h; path = Extensions/INDSingletonExtension.h; sourceTree = "<group>"; };
		1A1DFDBF16DE7C9200658409 /* INDSingletonExtension.m */ = {isa = PBXFileReference; fileEncoding = 4; lastKnownFileType = sourcecode.c.objc; lineEnding = 0; name = INDSingletonExtension.m; path = Extensions/INDSingletonExtension.m; sourceTree = "<group>"; };
		1A1DFDC116DE864800658409 /* Road.h */ = {isa = PBXFileReference; fileEncoding = 4; lastKnownFileType = sourcecode.c.h; name = Road.h; path = "Helper Classes/Road.h"; sourceTree = "<group>"; };
		1A1DFDC216DE864900658409 /* Road.m */ = {isa = PBXFileReference; fileEncoding = 4; lastKnownFileType = sourcecode.c.objc; lineEnding = 0; name = Road.m; path = "Helper Classes/Road.m"; sourceTree = "<group>"; xcLanguageSpecificationIdentifier = xcode.lang.objc; };
		1A1DFDC416DE86D500658409 /* Garage.h */ = {isa = PBXFileReference; fileEncoding = 4; lastKnownFileType = sourcecode.c.h; name = Garage.h; path = "Helper Classes/Garage.h"; sourceTree = "<group>"; };
		1A1DFDC516DE86D500658409 /* Garage.m */ = {isa = PBXFileReference; fileEncoding = 4; lastKnownFileType = sourcecode.c.objc; name = Garage.m; path = "Helper Classes/Garage.m"; sourceTree = "<group>"; };
		1A1DFDC716DF46F500658409 /* INDCustomInitializerExtension.h */ = {isa = PBXFileReference; fileEncoding = 4; lastKnownFileType = sourcecode.c.h; name = INDCustomInitializerExtension.h; path = Extensions/INDCustomInitializerExtension.h; sourceTree = "<group>"; };
		1A1DFDC816DF46F500658409 /* INDCustomInitializerExtension.m */ = {isa = PBXFileReference; fileEncoding = 4; lastKnownFileType = sourcecode.c.objc; name = INDCustomInitializerExtension.m; path = Extensions/INDCustomInitializerExtension.m; sourceTree = "<group>"; };
		1A1DFDCA16DFE6E400658409 /* INDReferencesExtension.h */ = {isa = PBXFileReference; fileEncoding = 4; lastKnownFileType = sourcecode.c.h; name = INDReferencesExtension.h; path = Extensions/INDReferencesExtension.h; sourceTree = "<group>"; };
		1A1DFDCB16DFE6E400658409 /* INDReferencesExtension.m */ = {isa = PBXFileReference; fileEncoding = 4; lastKnownFileType = sourcecode.c.objc; name = INDReferencesExtension.m; path = Extensions/INDReferencesExtension.m; sourceTree = "<group>"; };
		1A3C348016F887FC008EE0AD /* INDModule.h */ = {isa = PBXFileReference; fileEncoding = 4; lastKnownFileType = sourcecode.c.h; path = INDModule.h; sourceTree = "<group>"; };
		1A3C348116F887FC008EE0AD /* INDModule.m */ = {isa = PBXFileReference; fileEncoding = 4; lastKnownFileType = sourcecode.c.objc; path = INDModule.m; sourceTree = "<group>"; };
		1A3C348216F887FC008EE0AD /* INDModuleWithBlock.h */ = {isa = PBXFileReference; fileEncoding = 4; lastKnownFileType = sourcecode.c.h; path = INDModuleWithBlock.h; sourceTree = "<group>"; };
		1A3C348316F887FC008EE0AD /* INDModuleWithBlock.m */ = {isa = PBXFileReference; fileEncoding = 4; lastKnownFileType = sourcecode.c.objc; path = INDModuleWithBlock.m; sourceTree = "<group>"; };
		1A45E9231794061900B951C5 /* INDAssociatedObjectsExtension.h */ = {isa = PBXFileReference; fileEncoding = 4; lastKnownFileType = sourcecode.c.h; name = INDAssociatedObjectsExtension.h; path = ExperimentalExtensions/INDAssociatedObjectsExtension.h; sourceTree = "<group>"; };
		1A45E9241794061900B951C5 /* INDAssociatedObjectsExtension.m */ = {isa = PBXFileReference; fileEncoding = 4; lastKnownFileType = sourcecode.c.objc; name = INDAssociatedObjectsExtension.m; path = ExperimentalExtensions/INDAssociatedObjectsExtension.m; sourceTree = "<group>"; };
		1A45E927179406F000B951C5 /* INDAssociatedObjectsTests.h */ = {isa = PBXFileReference; fileEncoding = 4; lastKnownFileType = sourcecode.c.h; name = INDAssociatedObjectsTests.h; path = ExperimentalExtensions/INDAssociatedObjectsTests.h; sourceTree = "<group>"; };
		1A45E928179406F000B951C5 /* INDAssociatedObjectsTests.m */ = {isa = PBXFileReference; fileEncoding = 4; lastKnownFileType = sourcecode.c.objc; name = INDAssociatedObjectsTests.m; path = ExperimentalExtensions/INDAssociatedObjectsTests.m; sourceTree = "<group>"; };
		1A45E99C1794ACFE00B951C5 /* NSObject+InDependence.m */ = {isa = PBXFileReference; fileEncoding = 4; lastKnownFileType = sourcecode.c.objc; name = "NSObject+InDependence.m"; path = "Core/NSObject+InDependence.m"; sourceTree = "<group>"; };
		1A6525CD170345A600C60DBE /* INDCustomClassInitializerTests.h */ = {isa = PBXFileReference; fileEncoding = 4; lastKnownFileType = sourcecode.c.h; path = INDCustomClassInitializerTests.h; sourceTree = "<group>"; };
		1A6525CE170345A600C60DBE /* INDCustomClassInitializerTests.m */ = {isa = PBXFileReference; fileEncoding = 4; lastKnownFileType = sourcecode.c.objc; path = INDCustomClassInitializerTests.m; sourceTree = "<group>"; };
		1AA6B18F16FAFC430018DAA0 /* INDWeakCollection.h */ = {isa = PBXFileReference; fileEncoding = 4; lastKnownFileType = sourcecode.c.h; name = INDWeakCollection.h; path = ObjectsTree/WeakCollection/INDWeakCollection.h; sourceTree = "<group>"; };
		1AA6B19016FAFC430018DAA0 /* INDWeakCollection.m */ = {isa = PBXFileReference; fileEncoding = 4; lastKnownFileType = sourcecode.c.objc; name = INDWeakCollection.m; path = ObjectsTree/WeakCollection/INDWeakCollection.m; sourceTree = "<group>"; };
		1AA6B19516FAFD100018DAA0 /* INDWeakCollectionTests.h */ = {isa = PBXFileReference; fileEncoding = 4; lastKnownFileType = sourcecode.c.h; name = INDWeakCollectionTests.h; path = ObjectsTreeTests/WeakCollectionTests/INDWeakCollectionTests.h; sourceTree = "<group>"; };
		1AA6B19616FAFD100018DAA0 /* INDWeakCollectionTests.m */ = {isa = PBXFileReference; fileEncoding = 4; lastKnownFileType = sourcecode.c.objc; name = INDWeakCollectionTests.m; path = ObjectsTreeTests/WeakCollectionTests/INDWeakCollectionTests.m; sourceTree = "<group>"; };
		1AA6B19916FB09DE0018DAA0 /* NSObject+INDObjectsTree.h */ = {isa = PBXFileReference; fileEncoding = 4; lastKnownFileType = sourcecode.c.h; name = "NSObject+INDObjectsTree.h"; path = "ObjectsTree/NSObject+INDObjectsTree.h"; sourceTree = "<group>"; };
		1AA6B19A16FB09DE0018DAA0 /* NSObject+INDObjectsTree.m */ = {isa = PBXFileReference; fileEncoding = 4; lastKnownFileType = sourcecode.c.objc; name = "NSObject+INDObjectsTree.m"; path = "ObjectsTree/NSObject+INDObjectsTree.m"; sourceTree = "<group>"; };
		1AA6B19C16FB12500018DAA0 /* INDObjectsTreeTests.h */ = {isa = PBXFileReference; fileEncoding = 4; lastKnownFileType = sourcecode.c.h; name = INDObjectsTreeTests.h; path = ObjectsTreeTests/INDObjectsTreeTests.h; sourceTree = "<group>"; };
		1AA6B19D16FB12500018DAA0 /* INDObjectsTreeTests.m */ = {isa = PBXFileReference; fileEncoding = 4; lastKnownFileType = sourcecode.c.objc; name = INDObjectsTreeTests.m; path = ObjectsTreeTests/INDObjectsTreeTests.m; sourceTree = "<group>"; };
		1AAA67961709B1A500156166 /* NSObject+InDependence.h */ = {isa = PBXFileReference; fileEncoding = 4; lastKnownFileType = sourcecode.c.h; name = "NSObject+InDependence.h"; path = "Core/NSObject+InDependence.h"; sourceTree = "<group>"; };
		1AF49839179EF15D0095D926 /* INDDeprecatedAPI.h */ = {isa = PBXFileReference; lastKnownFileType = sourcecode.c.h; name = INDDeprecatedAPI.h; path = Core/INDDeprecatedAPI.h; sourceTree = "<group>"; };
		1AFD342F179ED0D600285374 /* ind_preprocessor_map.h */ = {isa = PBXFileReference; fileEncoding = 4; lastKnownFileType = sourcecode.c.h; name = ind_preprocessor_map.h; path = Core/ind_preprocessor_map.h; sourceTree = "<group>"; };
/* End PBXFileReference section */

/* Begin PBXFrameworksBuildPhase section */
		1A1DFD8916DC921300658409 /* Frameworks */ = {
			isa = PBXFrameworksBuildPhase;
			buildActionMask = 2147483647;
			files = (
				1A1DFD8E16DC921300658409 /* SenTestingKit.framework in Frameworks */,
				1A1DFD8F16DC921300658409 /* UIKit.framework in Frameworks */,
				1A1DFD9016DC921300658409 /* Foundation.framework in Frameworks */,
			);
			runOnlyForDeploymentPostprocessing = 0;
		};
/* End PBXFrameworksBuildPhase section */

/* Begin PBXGroup section */
		1A1DFD4816DC918300658409 = {
			isa = PBXGroup;
			children = (
				1A1DFD5A16DC918300658409 /* InDependence */,
				1A45E922179405DD00B951C5 /* ExperimentalExtensions */,
				1A1DFD9116DC921300658409 /* Tests */,
				1A1DFD5316DC918300658409 /* Frameworks */,
				1A1DFD5216DC918300658409 /* Products */,
			);
			sourceTree = "<group>";
		};
		1A1DFD5216DC918300658409 /* Products */ = {
			isa = PBXGroup;
			children = (
				1A1DFD8D16DC921300658409 /* Tests.octest */,
			);
			name = Products;
			sourceTree = "<group>";
		};
		1A1DFD5316DC918300658409 /* Frameworks */ = {
			isa = PBXGroup;
			children = (
				1A1DFD5416DC918300658409 /* UIKit.framework */,
				1A1DFD5616DC918300658409 /* Foundation.framework */,
				1A1DFD5816DC918300658409 /* CoreGraphics.framework */,
				1A1DFD7716DC91E800658409 /* SenTestingKit.framework */,
			);
			name = Frameworks;
			sourceTree = "<group>";
		};
		1A1DFD5A16DC918300658409 /* InDependence */ = {
			isa = PBXGroup;
			children = (
				1A1DFDA016DC963300658409 /* InDependence.h */,
				1A1DFD9E16DC947B00658409 /* Core */,
				1AA6B18D16FAFBDC0018DAA0 /* ObjectsTree */,
				1A1DFD9F16DC948400658409 /* Extensions */,
			);
			path = InDependence;
			sourceTree = "<group>";
		};
		1A1DFD9116DC921300658409 /* Tests */ = {
			isa = PBXGroup;
			children = (
				1A1DFDA716DDFCB100658409 /* Helper Classes */,
				1AA6B19216FAFCAA0018DAA0 /* CoreTests */,
				1AA6B19316FAFCC20018DAA0 /* ObjectsTreeTests */,
				1A45E926179406B300B951C5 /* ExperimentalExtensionsTests */,
				1A1DFD9216DC921300658409 /* Supporting Files */,
			);
			path = Tests;
			sourceTree = "<group>";
		};
		1A1DFD9216DC921300658409 /* Supporting Files */ = {
			isa = PBXGroup;
			children = (
				1A1DFD9316DC921300658409 /* Tests-Info.plist */,
				1A1DFD9416DC921300658409 /* InfoPlist.strings */,
				1A1DFD9A16DC921300658409 /* Tests-Prefix.pch */,
			);
			name = "Supporting Files";
			sourceTree = "<group>";
		};
		1A1DFD9E16DC947B00658409 /* Core */ = {
			isa = PBXGroup;
			children = (
				1AF49839179EF15D0095D926 /* INDDeprecatedAPI.h */,
				1A1DFDA116DC972C00658409 /* INDInjector.h */,
				1A1DFDA216DC972C00658409 /* INDInjector.m */,
				1A1DFDB816DE6B9100658409 /* INDSession.h */,
				1A1DFDB916DE6B9200658409 /* INDSession.m */,
				1A1DFDB116DE19CA00658409 /* INDUtils.h */,
				1A1DFDB216DE19CA00658409 /* INDUtils.m */,
				1AAA67961709B1A500156166 /* NSObject+InDependence.h */,
				1A45E99C1794ACFE00B951C5 /* NSObject+InDependence.m */,
				1AFD342F179ED0D600285374 /* ind_preprocessor_map.h */,
				1A3C347F16F887FC008EE0AD /* Modules */,
			);
			name = Core;
			sourceTree = "<group>";
		};
		1A1DFD9F16DC948400658409 /* Extensions */ = {
			isa = PBXGroup;
			children = (
				1A1DFDBB16DE78E900658409 /* INDExtension.h */,
				1A1DFDBC16DE78E900658409 /* INDExtension.m */,
				1A1DFDC716DF46F500658409 /* INDCustomInitializerExtension.h */,
				1A1DFDC816DF46F500658409 /* INDCustomInitializerExtension.m */,
				1A1DFDBE16DE7C9200658409 /* INDSingletonExtension.h */,
				1A1DFDBF16DE7C9200658409 /* INDSingletonExtension.m */,
				1A1DFDCA16DFE6E400658409 /* INDReferencesExtension.h */,
				1A1DFDCB16DFE6E400658409 /* INDReferencesExtension.m */,
			);
			name = Extensions;
			sourceTree = "<group>";
		};
		1A1DFDA716DDFCB100658409 /* Helper Classes */ = {
			isa = PBXGroup;
			children = (
				1A1DFDA816DDFE8D00658409 /* Car.h */,
				1A1DFDA916DDFE8D00658409 /* Car.m */,
				1A1DFDC416DE86D500658409 /* Garage.h */,
				1A1DFDC516DE86D500658409 /* Garage.m */,
				1A1DFDAB16DDFE9D00658409 /* Engine.h */,
				1A1DFDAC16DDFE9D00658409 /* Engine.m */,
				1A1DFDAE16DDFEBA00658409 /* CarModels.h */,
				1A1DFDAF16DDFEBA00658409 /* CarModels.m */,
				1A1DFDC116DE864800658409 /* Road.h */,
				1A1DFDC216DE864900658409 /* Road.m */,
			);
			name = "Helper Classes";
			sourceTree = "<group>";
		};
		1A3C347F16F887FC008EE0AD /* Modules */ = {
			isa = PBXGroup;
			children = (
				1A3C348016F887FC008EE0AD /* INDModule.h */,
				1A3C348116F887FC008EE0AD /* INDModule.m */,
				1A3C348216F887FC008EE0AD /* INDModuleWithBlock.h */,
				1A3C348316F887FC008EE0AD /* INDModuleWithBlock.m */,
			);
			name = Modules;
			path = Core/Modules;
			sourceTree = "<group>";
		};
		1A45E922179405DD00B951C5 /* ExperimentalExtensions */ = {
			isa = PBXGroup;
			children = (
				1A45E9231794061900B951C5 /* INDAssociatedObjectsExtension.h */,
				1A45E9241794061900B951C5 /* INDAssociatedObjectsExtension.m */,
			);
			name = ExperimentalExtensions;
			sourceTree = "<group>";
		};
		1A45E926179406B300B951C5 /* ExperimentalExtensionsTests */ = {
			isa = PBXGroup;
			children = (
				1A45E927179406F000B951C5 /* INDAssociatedObjectsTests.h */,
				1A45E928179406F000B951C5 /* INDAssociatedObjectsTests.m */,
			);
			name = ExperimentalExtensionsTests;
			sourceTree = "<group>";
		};
		1AA6B18D16FAFBDC0018DAA0 /* ObjectsTree */ = {
			isa = PBXGroup;
			children = (
				1AA6B19916FB09DE0018DAA0 /* NSObject+INDObjectsTree.h */,
				1AA6B19A16FB09DE0018DAA0 /* NSObject+INDObjectsTree.m */,
				1AA6B18E16FAFBEE0018DAA0 /* WeakCollection */,
			);
			name = ObjectsTree;
			sourceTree = "<group>";
		};
		1AA6B18E16FAFBEE0018DAA0 /* WeakCollection */ = {
			isa = PBXGroup;
			children = (
				1AA6B18F16FAFC430018DAA0 /* INDWeakCollection.h */,
				1AA6B19016FAFC430018DAA0 /* INDWeakCollection.m */,
			);
			name = WeakCollection;
			sourceTree = "<group>";
		};
		1AA6B19216FAFCAA0018DAA0 /* CoreTests */ = {
			isa = PBXGroup;
			children = (
				1A1DFD9716DC921300658409 /* INDTests.h */,
				1A1DFD9816DC921300658409 /* INDTests.m */,
				1A1DFDB416DE1AAB00658409 /* INDUtilsTests.h */,
				1A1DFDB516DE1AAB00658409 /* INDUtilsTests.m */,
				1A6525CD170345A600C60DBE /* INDCustomClassInitializerTests.h */,
				1A6525CE170345A600C60DBE /* INDCustomClassInitializerTests.m */,
			);
			name = CoreTests;
			sourceTree = "<group>";
		};
		1AA6B19316FAFCC20018DAA0 /* ObjectsTreeTests */ = {
			isa = PBXGroup;
			children = (
				1AA6B19416FAFCD00018DAA0 /* WeakCollectionTests */,
				1AA6B19C16FB12500018DAA0 /* INDObjectsTreeTests.h */,
				1AA6B19D16FB12500018DAA0 /* INDObjectsTreeTests.m */,
			);
			name = ObjectsTreeTests;
			sourceTree = "<group>";
		};
		1AA6B19416FAFCD00018DAA0 /* WeakCollectionTests */ = {
			isa = PBXGroup;
			children = (
				1AA6B19516FAFD100018DAA0 /* INDWeakCollectionTests.h */,
				1AA6B19616FAFD100018DAA0 /* INDWeakCollectionTests.m */,
			);
			name = WeakCollectionTests;
			sourceTree = "<group>";
		};
/* End PBXGroup section */

/* Begin PBXNativeTarget section */
		1A1DFD8C16DC921300658409 /* Tests */ = {
			isa = PBXNativeTarget;
			buildConfigurationList = 1A1DFD9B16DC921300658409 /* Build configuration list for PBXNativeTarget "Tests" */;
			buildPhases = (
				1A1DFD8816DC921300658409 /* Sources */,
				1A1DFD8916DC921300658409 /* Frameworks */,
				1A1DFD8A16DC921300658409 /* Resources */,
				1A1DFD8B16DC921300658409 /* ShellScript */,
			);
			buildRules = (
			);
			dependencies = (
			);
			name = Tests;
			productName = Tests;
			productReference = 1A1DFD8D16DC921300658409 /* Tests.octest */;
			productType = "com.apple.product-type.bundle";
		};
/* End PBXNativeTarget section */

/* Begin PBXProject section */
		1A1DFD4916DC918300658409 /* Project object */ = {
			isa = PBXProject;
			attributes = {
				CLASSPREFIX = IND;
				LastUpgradeCheck = 0460;
				ORGANIZATIONNAME = "Yan Rabovik";
			};
			buildConfigurationList = 1A1DFD4C16DC918300658409 /* Build configuration list for PBXProject "InDependence" */;
			compatibilityVersion = "Xcode 3.2";
			developmentRegion = English;
			hasScannedForEncodings = 0;
			knownRegions = (
				en,
			);
			mainGroup = 1A1DFD4816DC918300658409;
			productRefGroup = 1A1DFD5216DC918300658409 /* Products */;
			projectDirPath = "";
			projectRoot = "";
			targets = (
				1A1DFD8C16DC921300658409 /* Tests */,
			);
		};
/* End PBXProject section */

/* Begin PBXResourcesBuildPhase section */
		1A1DFD8A16DC921300658409 /* Resources */ = {
			isa = PBXResourcesBuildPhase;
			buildActionMask = 2147483647;
			files = (
				1A1DFD9616DC921300658409 /* InfoPlist.strings in Resources */,
			);
			runOnlyForDeploymentPostprocessing = 0;
		};
/* End PBXResourcesBuildPhase section */

/* Begin PBXShellScriptBuildPhase section */
		1A1DFD8B16DC921300658409 /* ShellScript */ = {
			isa = PBXShellScriptBuildPhase;
			buildActionMask = 2147483647;
			files = (
			);
			inputPaths = (
			);
			outputPaths = (
			);
			runOnlyForDeploymentPostprocessing = 0;
			shellPath = /bin/sh;
			shellScript = "# Run the unit tests in this test bundle.\n\"${SYSTEM_DEVELOPER_DIR}/Tools/RunUnitTests\"\n";
		};
/* End PBXShellScriptBuildPhase section */

/* Begin PBXSourcesBuildPhase section */
		1A1DFD8816DC921300658409 /* Sources */ = {
			isa = PBXSourcesBuildPhase;
			buildActionMask = 2147483647;
			files = (
				1A1DFD9916DC921300658409 /* INDTests.m in Sources */,
				1A1DFDA316DC972C00658409 /* INDInjector.m in Sources */,
				1A1DFDAA16DDFE8D00658409 /* Car.m in Sources */,
				1A1DFDAD16DDFE9D00658409 /* Engine.m in Sources */,
				1A1DFDB016DDFEBA00658409 /* CarModels.m in Sources */,
				1A1DFDB316DE19CB00658409 /* INDUtils.m in Sources */,
				1A1DFDB616DE1AAB00658409 /* INDUtilsTests.m in Sources */,
				1A1DFDBA16DE6B9200658409 /* INDSession.m in Sources */,
				1A1DFDBD16DE78E900658409 /* INDExtension.m in Sources */,
				1A1DFDC016DE7C9200658409 /* INDSingletonExtension.m in Sources */,
				1A1DFDC316DE864900658409 /* Road.m in Sources */,
				1A1DFDC616DE86D500658409 /* Garage.m in Sources */,
				1A1DFDC916DF46F500658409 /* INDCustomInitializerExtension.m in Sources */,
				1A1DFDCC16DFE6E500658409 /* INDReferencesExtension.m in Sources */,
				1A3C348416F887FC008EE0AD /* INDModule.m in Sources */,
				1A3C348516F887FC008EE0AD /* INDModuleWithBlock.m in Sources */,
				1AA6B19116FAFC430018DAA0 /* INDWeakCollection.m in Sources */,
				1AA6B19716FAFD100018DAA0 /* INDWeakCollectionTests.m in Sources */,
				1AA6B19B16FB09DE0018DAA0 /* NSObject+INDObjectsTree.m in Sources */,
				1AA6B19E16FB12500018DAA0 /* INDObjectsTreeTests.m in Sources */,
				1A6525CF170345A600C60DBE /* INDCustomClassInitializerTests.m in Sources */,
				1A45E9251794061900B951C5 /* INDAssociatedObjectsExtension.m in Sources */,
				1A45E929179406F000B951C5 /* INDAssociatedObjectsTests.m in Sources */,
				1A45E99D1794ACFF00B951C5 /* NSObject+InDependence.m in Sources */,
			);
			runOnlyForDeploymentPostprocessing = 0;
		};
/* End PBXSourcesBuildPhase section */

/* Begin PBXVariantGroup section */
		1A1DFD9416DC921300658409 /* InfoPlist.strings */ = {
			isa = PBXVariantGroup;
			children = (
				1A1DFD9516DC921300658409 /* en */,
			);
			name = InfoPlist.strings;
			sourceTree = "<group>";
		};
/* End PBXVariantGroup section */

/* Begin XCBuildConfiguration section */
		1A1DFD6C16DC918300658409 /* Debug */ = {
			isa = XCBuildConfiguration;
			buildSettings = {
				ALWAYS_SEARCH_USER_PATHS = NO;
				CLANG_CXX_LANGUAGE_STANDARD = "gnu++0x";
				CLANG_CXX_LIBRARY = "libc++";
				CLANG_ENABLE_OBJC_ARC = YES;
				CLANG_WARN_CONSTANT_CONVERSION = YES;
				CLANG_WARN_DEPRECATED_OBJC_IMPLEMENTATIONS = YES;
				CLANG_WARN_EMPTY_BODY = YES;
				CLANG_WARN_ENUM_CONVERSION = YES;
				CLANG_WARN_INT_CONVERSION = YES;
				CLANG_WARN__DUPLICATE_METHOD_MATCH = YES;
				"CODE_SIGN_IDENTITY[sdk=iphoneos*]" = "iPhone Developer";
				COPY_PHASE_STRIP = NO;
				GCC_C_LANGUAGE_STANDARD = gnu99;
				GCC_DYNAMIC_NO_PIC = NO;
				GCC_OPTIMIZATION_LEVEL = 0;
				GCC_PREPROCESSOR_DEFINITIONS = (
					"DEBUG=1",
					"$(inherited)",
				);
				GCC_SYMBOLS_PRIVATE_EXTERN = NO;
				GCC_WARN_ABOUT_RETURN_TYPE = YES;
				GCC_WARN_UNINITIALIZED_AUTOS = YES;
				GCC_WARN_UNUSED_VARIABLE = YES;
				IPHONEOS_DEPLOYMENT_TARGET = 6.1;
				ONLY_ACTIVE_ARCH = YES;
				SDKROOT = iphoneos;
				TARGETED_DEVICE_FAMILY = "1,2";
			};
			name = Debug;
		};
		1A1DFD6D16DC918300658409 /* Release */ = {
			isa = XCBuildConfiguration;
			buildSettings = {
				ALWAYS_SEARCH_USER_PATHS = NO;
				CLANG_CXX_LANGUAGE_STANDARD = "gnu++0x";
				CLANG_CXX_LIBRARY = "libc++";
				CLANG_ENABLE_OBJC_ARC = YES;
				CLANG_WARN_CONSTANT_CONVERSION = YES;
				CLANG_WARN_DEPRECATED_OBJC_IMPLEMENTATIONS = YES;
				CLANG_WARN_EMPTY_BODY = YES;
				CLANG_WARN_ENUM_CONVERSION = YES;
				CLANG_WARN_INT_CONVERSION = YES;
				CLANG_WARN__DUPLICATE_METHOD_MATCH = YES;
				"CODE_SIGN_IDENTITY[sdk=iphoneos*]" = "iPhone Developer";
				COPY_PHASE_STRIP = YES;
				GCC_C_LANGUAGE_STANDARD = gnu99;
				GCC_WARN_ABOUT_RETURN_TYPE = YES;
				GCC_WARN_UNINITIALIZED_AUTOS = YES;
				GCC_WARN_UNUSED_VARIABLE = YES;
				IPHONEOS_DEPLOYMENT_TARGET = 6.1;
				OTHER_CFLAGS = "-DNS_BLOCK_ASSERTIONS=1";
				SDKROOT = iphoneos;
				TARGETED_DEVICE_FAMILY = "1,2";
				VALIDATE_PRODUCT = YES;
			};
			name = Release;
		};
		1A1DFD9C16DC921300658409 /* Debug */ = {
			isa = XCBuildConfiguration;
			buildSettings = {
				FRAMEWORK_SEARCH_PATHS = (
					"\"$(SDKROOT)/Developer/Library/Frameworks\"",
					"\"$(DEVELOPER_LIBRARY_DIR)/Frameworks\"",
				);
				GCC_PRECOMPILE_PREFIX_HEADER = YES;
				GCC_PREFIX_HEADER = "Tests/Tests-Prefix.pch";
				INFOPLIST_FILE = "Tests/Tests-Info.plist";
				IPHONEOS_DEPLOYMENT_TARGET = 5.0;
				PRODUCT_NAME = "$(TARGET_NAME)";
				WRAPPER_EXTENSION = octest;
			};
			name = Debug;
		};
		1A1DFD9D16DC921300658409 /* Release */ = {
			isa = XCBuildConfiguration;
			buildSettings = {
				FRAMEWORK_SEARCH_PATHS = (
					"\"$(SDKROOT)/Developer/Library/Frameworks\"",
					"\"$(DEVELOPER_LIBRARY_DIR)/Frameworks\"",
				);
				GCC_PRECOMPILE_PREFIX_HEADER = YES;
				GCC_PREFIX_HEADER = "Tests/Tests-Prefix.pch";
				INFOPLIST_FILE = "Tests/Tests-Info.plist";
				IPHONEOS_DEPLOYMENT_TARGET = 5.0;
				PRODUCT_NAME = "$(TARGET_NAME)";
				WRAPPER_EXTENSION = octest;
			};
			name = Release;
		};
/* End XCBuildConfiguration section */

/* Begin XCConfigurationList section */
		1A1DFD4C16DC918300658409 /* Build configuration list for PBXProject "InDependence" */ = {
			isa = XCConfigurationList;
			buildConfigurations = (
				1A1DFD6C16DC918300658409 /* Debug */,
				1A1DFD6D16DC918300658409 /* Release */,
			);
			defaultConfigurationIsVisible = 0;
			defaultConfigurationName = Release;
		};
		1A1DFD9B16DC921300658409 /* Build configuration list for PBXNativeTarget "Tests" */ = {
			isa = XCConfigurationList;
			buildConfigurations = (
				1A1DFD9C16DC921300658409 /* Debug */,
				1A1DFD9D16DC921300658409 /* Release */,
			);
			defaultConfigurationIsVisible = 0;
			defaultConfigurationName = Release;
		};
/* End XCConfigurationList section */
	};
	rootObject = 1A1DFD4916DC918300658409 /* Project object */;
}
